{
  "name": "@capawesome/camera",
  "version": "0.0.1",
  "lockfileVersion": 3,
  "requires": true,
  "packages": {
    "": {
      "name": "@capawesome/camera",
      "version": "0.0.1",
      "license": "MIT",
      "devDependencies": {
        "@capacitor/android": "^5.0.0",
        "@capacitor/core": "^5.0.0",
        "@capacitor/ios": "^5.0.0",
        "typescript": "~4.8.4"
      },
      "peerDependencies": {
        "@capacitor/core": "^5.0.0"
      }
    },
    "node_modules/@capacitor/android": {
      "version": "5.7.8",
      "resolved": "https://registry.npmmirror.com/@capacitor/android/-/android-5.7.8.tgz",
      "integrity": "sha512-ooWclwcuW0dy3YfqgoozkHkjatX8H2fb2/RwRsJa3cew1P1lUXIXri3Dquuy4LdqFAJA7UHcJ19Bl/6UKdsZYA==",
      "dev": true,
      "license": "MIT",
      "peerDependencies": {
        "@capacitor/core": "^5.7.0"
      }
    },
    "node_modules/@capacitor/core": {
      "version": "5.7.8",
      "resolved": "https://registry.npmmirror.com/@capacitor/core/-/core-5.7.8.tgz",
      "integrity": "sha512-rrZcm/2vJM0WdWRQup1TUidbjQV9PfIadSkV4rAGLD7R6PuzZSMPGT0gmoZzCRlXkqrazrWWDkurei3ozU02FA==",
      "dev": true,
      "license": "MIT",
      "dependencies": {
        "tslib": "^2.1.0"
      }
    },
    "node_modules/@capacitor/ios": {
      "version": "5.7.8",
      "resolved": "https://registry.npmmirror.com/@capacitor/ios/-/ios-5.7.8.tgz",
      "integrity": "sha512-XhGrziBnlRmCJ97LdPXOJquHPpYTwSJZIxYSXuPl7SDDuAEve8vs2wY76gLdaaFH2Z6ctdugUX+jR6VNu+ds+w==",
      "dev": true,
      "license": "MIT",
      "peerDependencies": {
        "@capacitor/core": "^5.7.0"
      }
    },
    "node_modules/tslib": {
      "version": "2.8.1",
      "resolved": "https://registry.npmmirror.com/tslib/-/tslib-2.8.1.tgz",
      "integrity": "sha512-oJFu94HQb+KVduSUQL7wnpmqnfmLsOA/nAh6b6EH0wCEoK0/mPeXU6c3wKDV83MkOuHPRHtSXKKU99IBazS/2w==",
      "dev": true,
      "license": "0BSD"
    },
    "node_modules/typescript": {
      "version": "4.8.4",
      "resolved": "https://registry.npmmirror.com/typescript/-/typescript-4.8.4.tgz",
      "integrity": "sha512-QCh+85mCy+h0IGff8r5XWzOVSbBO+KfeYrMQh7NJ58QujwcE22u+NUSmUxqF+un70P9GXKxa2HCNiTTMJknyjQ==",
      "dev": true,
      "license": "Apache-2.0",
      "bin": {
        "tsc": "bin/tsc",
        "tsserver": "bin/tsserver"
      },
      "engines": {
        "node": ">=4.2.0"
      }
    }
  }
}
